
Microsoft Visual Studio Solution File, Format Version 12.00
# Visual Studio Version 16
VisualStudioVersion = 16.0.30320.27
MinimumVisualStudioVersion = 10.0.40219.1
Project("{FAE04EC0-301F-11D3-BF4B-00C04F79EFBC}") = "ITMOCourseWEBFormLab2", "ITMOCourseWEBFormLab2.csproj", "{B5A2C967-1ECB-4C87-8DCD-30F52DB40035}"
EndProject
Global
	GlobalSection(SolutionConfigurationPlatforms) = preSolution
		Debug|Any CPU = Debug|Any CPU
		Release|Any CPU = Release|Any CPU
	EndGlobalSection
	GlobalSection(ProjectConfigurationPlatforms) = postSolution
		{B5A2C967-1ECB-4C87-8DCD-30F52DB40035}.Debug|Any CPU.ActiveCfg = Debug|Any CPU
		{B5A2C967-1ECB-4C87-8DCD-30F52DB40035}.Debug|Any CPU.Build.0 = Debug|Any CPU
		{B5A2C967-1ECB-4C87-8DCD-30F52DB40035}.Release|Any CPU.ActiveCfg = Release|Any CPU
		{B5A2C967-1ECB-4C87-8DCD-30F52DB40035}.Release|Any CPU.Build.0 = Release|Any CPU
	EndGlobalSection
	GlobalSection(SolutionProperties) = preSolution
		HideSolutionNode = FALSE
	EndGlobalSection
	GlobalSection(ExtensibilityGlobals) = postSolution
		SolutionGuid = {B1C2DBF6-621E-4B3A-A6E7-9FFD6EC3E52E}
	EndGlobalSection
EndGlobal
